
Microsoft Visual Studio Solution File, Format Version 12.00
# Visual Studio Version 16
VisualStudioVersion = 16.0.31321.278
MinimumVisualStudioVersion = 10.0.40219.1
Project("{8BC9CEB8-8B4A-11D0-8D11-00A0C91BC942}") = "MyRenderer", "MyRenderer\MyRenderer.vcxproj", "{5A718811-ABB9-4645-9300-1B56E0014CCA}"
EndProject
Global
	GlobalSection(SolutionConfigurationPlatforms) = preSolution
		Debug|x64 = Debug|x64
		Debug|x86 = Debug|x86
		Release|x64 = Release|x64
		Release|x86 = Release|x86
	EndGlobalSection
	GlobalSection(ProjectConfigurationPlatforms) = postSolution
		{5A718811-ABB9-4645-9300-1B56E0014CCA}.Debug|x64.ActiveCfg = Debug|x64
		{5A718811-ABB9-4645-9300-1B56E0014CCA}.Debug|x64.Build.0 = Debug|x64
		{5A718811-ABB9-4645-9300-1B56E0014CCA}.Debug|x86.ActiveCfg = Debug|Win32
		{5A718811-ABB9-4645-9300-1B56E0014CCA}.Debug|x86.Build.0 = Debug|Win32
		{5A718811-ABB9-4645-9300-1B56E0014CCA}.Release|x64.ActiveCfg = Release|x64
		{5A718811-ABB9-4645-9300-1B56E0014CCA}.Release|x64.Build.0 = Release|x64
		{5A718811-ABB9-4645-9300-1B56E0014CCA}.Release|x86.ActiveCfg = Release|Win32
		{5A718811-ABB9-4645-9300-1B56E0014CCA}.Release|x86.Build.0 = Release|Win32
	EndGlobalSection
	GlobalSection(SolutionProperties) = preSolution
		HideSolutionNode = FALSE
	EndGlobalSection
	GlobalSection(ExtensibilityGlobals) = postSolution
		SolutionGuid = {F9DAF7F6-60A1-4379-A943-42429795A6A4}
	EndGlobalSection
EndGlobal
